
Microsoft Visual Studio Solution File, Format Version 12.00
# Visual Studio Version 16
VisualStudioVersion = 16.0.29403.142
MinimumVisualStudioVersion = 10.0.40219.1
Project("{9A19103F-16F7-4668-BE54-9A1E7A4F7556}") = "QR_Material_Scanner", "QR_Material_Scanner\QR_Material_Scanner.csproj", "{FB2881F1-3F73-419A-A0BB-204F5E5CE576}"
EndProject
Global
	GlobalSection(SolutionConfigurationPlatforms) = preSolution
		Debug|Any CPU = Debug|Any CPU
		Release|Any CPU = Release|Any CPU
	EndGlobalSection
	GlobalSection(ProjectConfigurationPlatforms) = postSolution
		{FB2881F1-3F73-419A-A0BB-204F5E5CE576}.Debug|Any CPU.ActiveCfg = Debug|Any CPU
		{FB2881F1-3F73-419A-A0BB-204F5E5CE576}.Debug|Any CPU.Build.0 = Debug|Any CPU
		{FB2881F1-3F73-419A-A0BB-204F5E5CE576}.Release|Any CPU.ActiveCfg = Release|Any CPU
		{FB2881F1-3F73-419A-A0BB-204F5E5CE576}.Release|Any CPU.Build.0 = Release|Any CPU
	EndGlobalSection
	GlobalSection(SolutionProperties) = preSolution
		HideSolutionNode = FALSE
	EndGlobalSection
	GlobalSection(ExtensibilityGlobals) = postSolution
		SolutionGuid = {D5D8FFEF-536F-4571-B634-F13DC6DB098B}
	EndGlobalSection
EndGlobal
